
Microsoft Visual Studio Solution File, Format Version 12.00
# Visual Studio Version 16
VisualStudioVersion = 16.0.30406.217
MinimumVisualStudioVersion = 10.0.40219.1
Project("{FAE04EC0-301F-11D3-BF4B-00C04F79EFBC}") = "Practice1", "Practice1\Practice1.csproj", "{87826DDF-AA1A-46DA-A708-23793F3D592A}"
EndProject
Global
	GlobalSection(SolutionConfigurationPlatforms) = preSolution
		Debug|Any CPU = Debug|Any CPU
		Release|Any CPU = Release|Any CPU
	EndGlobalSection
	GlobalSection(ProjectConfigurationPlatforms) = postSolution
		{87826DDF-AA1A-46DA-A708-23793F3D592A}.Debug|Any CPU.ActiveCfg = Debug|Any CPU
		{87826DDF-AA1A-46DA-A708-23793F3D592A}.Debug|Any CPU.Build.0 = Debug|Any CPU
		{87826DDF-AA1A-46DA-A708-23793F3D592A}.Release|Any CPU.ActiveCfg = Release|Any CPU
		{87826DDF-AA1A-46DA-A708-23793F3D592A}.Release|Any CPU.Build.0 = Release|Any CPU
	EndGlobalSection
	GlobalSection(SolutionProperties) = preSolution
		HideSolutionNode = FALSE
	EndGlobalSection
	GlobalSection(ExtensibilityGlobals) = postSolution
		SolutionGuid = {85BE27E7-5142-495D-B3A9-551BC1FC18AC}
	EndGlobalSection
EndGlobal
